
Microsoft Visual Studio Solution File, Format Version 12.00
# Visual Studio Version 17
VisualStudioVersion = 17.9.34723.18
MinimumVisualStudioVersion = 10.0.40219.1
Project("{FAE04EC0-301F-11D3-BF4B-00C04F79EFBC}") = "OnlineSchool2", "OnlineSchool2\OnlineSchool2.csproj", "{69C30FCA-00B4-4BCF-8F68-81015EAC4507}"
EndProject
Global
	GlobalSection(SolutionConfigurationPlatforms) = preSolution
		Debug|Any CPU = Debug|Any CPU
		Release|Any CPU = Release|Any CPU
	EndGlobalSection
	GlobalSection(ProjectConfigurationPlatforms) = postSolution
		{69C30FCA-00B4-4BCF-8F68-81015EAC4507}.Debug|Any CPU.ActiveCfg = Debug|Any CPU
		{69C30FCA-00B4-4BCF-8F68-81015EAC4507}.Debug|Any CPU.Build.0 = Debug|Any CPU
		{69C30FCA-00B4-4BCF-8F68-81015EAC4507}.Release|Any CPU.ActiveCfg = Release|Any CPU
		{69C30FCA-00B4-4BCF-8F68-81015EAC4507}.Release|Any CPU.Build.0 = Release|Any CPU
	EndGlobalSection
	GlobalSection(SolutionProperties) = preSolution
		HideSolutionNode = FALSE
	EndGlobalSection
	GlobalSection(ExtensibilityGlobals) = postSolution
		SolutionGuid = {D69F0B86-B8DE-4E3E-AD54-C0471371AF44}
	EndGlobalSection
EndGlobal
